{
  "version": 4,
  "terraform_version": "1.8.2",
  "serial": 76,
  "lineage": "e047ec9f-bdc2-0090-82a7-b526d6c802d6",
  "outputs": {
    "malgus_bucket_url": {
      "value": "https://storage.googleapis.com/malgus_gcp/index.html",
      "type": "string"
    }
  },
  "resources": [
    {
      "mode": "managed",
      "type": "google_storage_bucket",
      "name": "malgus_gcp",
      "provider": "provider[\"registry.terraform.io/hashicorp/google\"]",
      "instances": [
        {
          "schema_version": 0,
          "attributes": {
            "bucket_policy_only": false,
            "cors": [],
            "default_event_based_hold": false,
            "encryption": [],
            "force_destroy": false,
            "id": "malgus_gcp",
            "labels": {
              "dep": "classfive",
              "env": "armageddon"
            },
            "lifecycle_rule": [],
            "location": "US-CENTRAL1",
            "logging": [],
            "name": "malgus_gcp",
            "project": "theta-style-416117",
            "requester_pays": false,
            "retention_policy": [],
            "self_link": "https://www.googleapis.com/storage/v1/b/malgus_gcp",
            "storage_class": "standard",
            "uniform_bucket_level_access": false,
            "url": "gs://malgus_gcp",
            "versioning": [],
            "website": [
              {
                "main_page_suffix": "index.html",
                "not_found_page": "404.html"
              }
            ]
          },
          "sensitive_attributes": [],
          "private": "bnVsbA=="
        }
      ]
    },
    {
      "mode": "managed",
      "type": "google_storage_bucket_iam_binding",
      "name": "public_access",
      "provider": "provider[\"registry.terraform.io/hashicorp/google\"]",
      "instances": [
        {
          "schema_version": 0,
          "attributes": {
            "bucket": "b/malgus_gcp",
            "condition": [],
            "etag": "CAM=",
            "id": "b/malgus_gcp/roles/storage.objectViewer",
            "members": [
              "allUsers"
            ],
            "role": "roles/storage.objectViewer"
          },
          "sensitive_attributes": [],
          "private": "bnVsbA==",
          "dependencies": [
            "google_storage_bucket.malgus_gcp"
          ]
        }
      ]
    },
    {
      "mode": "managed",
      "type": "google_storage_bucket_object",
      "name": "index_html",
      "provider": "provider[\"registry.terraform.io/hashicorp/google\"]",
      "instances": [
        {
          "schema_version": 0,
          "attributes": {
            "bucket": "malgus_gcp",
            "cache_control": "",
            "content": null,
            "content_disposition": "",
            "content_encoding": "",
            "content_language": "",
            "content_type": "text/html",
            "crc32c": "0ToKPg==",
            "customer_encryption": [],
            "detect_md5hash": "cGvrkcRsTvCGGXxW+LCPgQ==",
            "event_based_hold": false,
            "id": "malgus_gcp-index.html",
            "kms_key_name": "",
            "md5hash": "cGvrkcRsTvCGGXxW+LCPgQ==",
            "media_link": "https://storage.googleapis.com/download/storage/v1/b/malgus_gcp/o/index.html?generation=1715728005312780\u0026alt=media",
            "metadata": null,
            "name": "index.html",
            "output_name": "index.html",
            "self_link": "https://www.googleapis.com/storage/v1/b/malgus_gcp/o/index.html",
            "source": "./index.html",
            "storage_class": "STANDARD",
            "temporary_hold": false,
            "timeouts": null
          },
          "sensitive_attributes": [
            [
              {
                "type": "get_attr",
                "value": "content"
              }
            ]
          ],
          "private": "eyJlMmJmYjczMC1lY2FhLTExZTYtOGY4OC0zNDM2M2JjN2M0YzAiOnsiY3JlYXRlIjoyNDAwMDAwMDAwMDAsImRlbGV0ZSI6MjQwMDAwMDAwMDAwLCJ1cGRhdGUiOjI0MDAwMDAwMDAwMH19",
          "dependencies": [
            "google_storage_bucket.malgus_gcp"
          ]
        }
      ]
    },
    {
      "mode": "managed",
      "type": "google_storage_bucket_object",
      "name": "theo_jpeg",
      "provider": "provider[\"registry.terraform.io/hashicorp/google\"]",
      "instances": [
        {
          "schema_version": 0,
          "attributes": {
            "bucket": "malgus_gcp",
            "cache_control": "",
            "content": null,
            "content_disposition": "",
            "content_encoding": "",
            "content_language": "",
            "content_type": "image/jpeg",
            "crc32c": "tF6rNg==",
            "customer_encryption": [],
            "detect_md5hash": "vVF4kzJE/T62W2pSTxVkkg==",
            "event_based_hold": false,
            "id": "malgus_gcp-theo.jpeg",
            "kms_key_name": "",
            "md5hash": "vVF4kzJE/T62W2pSTxVkkg==",
            "media_link": "https://storage.googleapis.com/download/storage/v1/b/malgus_gcp/o/theo.jpeg?generation=1715727772914700\u0026alt=media",
            "metadata": {},
            "name": "theo.jpeg",
            "output_name": "theo.jpeg",
            "self_link": "https://www.googleapis.com/storage/v1/b/malgus_gcp/o/theo.jpeg",
            "source": "./theo.jpeg",
            "storage_class": "STANDARD",
            "temporary_hold": false,
            "timeouts": null
          },
          "sensitive_attributes": [
            [
              {
                "type": "get_attr",
                "value": "content"
              }
            ]
          ],
          "private": "eyJlMmJmYjczMC1lY2FhLTExZTYtOGY4OC0zNDM2M2JjN2M0YzAiOnsiY3JlYXRlIjoyNDAwMDAwMDAwMDAsImRlbGV0ZSI6MjQwMDAwMDAwMDAwLCJ1cGRhdGUiOjI0MDAwMDAwMDAwMH19",
          "dependencies": [
            "google_storage_bucket.malgus_gcp"
          ]
        }
      ]
    },
    {
      "mode": "managed",
      "type": "google_storage_default_object_access_control",
      "name": "maglus_gcp_public_access",
      "provider": "provider[\"registry.terraform.io/hashicorp/google\"]",
      "instances": [
        {
          "schema_version": 0,
          "attributes": {
            "bucket": "malgus_gcp",
            "domain": "",
            "email": "",
            "entity": "allUsers",
            "entity_id": "",
            "generation": 0,
            "id": "malgus_gcp/allUsers",
            "object": "",
            "project_team": [],
            "role": "READER",
            "timeouts": null
          },
          "sensitive_attributes": [],
          "private": "eyJlMmJmYjczMC1lY2FhLTExZTYtOGY4OC0zNDM2M2JjN2M0YzAiOnsiY3JlYXRlIjoyNDAwMDAwMDAwMDAsImRlbGV0ZSI6MjQwMDAwMDAwMDAwLCJ1cGRhdGUiOjI0MDAwMDAwMDAwMH19",
          "dependencies": [
            "google_storage_bucket.malgus_gcp"
          ]
        }
      ]
    }
  ],
  "check_results": null
}
